
Microsoft Visual Studio Solution File, Format Version 12.00
# Visual Studio 15
VisualStudioVersion = 15.0.26730.3
MinimumVisualStudioVersion = 10.0.40219.1
Project("{FAE04EC0-301F-11D3-BF4B-00C04F79EFBC}") = "MachineProblem3", "MachineProblem3\MachineProblem3.csproj", "{15F0AC3C-A9C7-4E7B-8D6C-6AA3FE225614}"
EndProject
Global
	GlobalSection(SolutionConfigurationPlatforms) = preSolution
		Debug|Any CPU = Debug|Any CPU
		Release|Any CPU = Release|Any CPU
	EndGlobalSection
	GlobalSection(ProjectConfigurationPlatforms) = postSolution
		{15F0AC3C-A9C7-4E7B-8D6C-6AA3FE225614}.Debug|Any CPU.ActiveCfg = Debug|Any CPU
		{15F0AC3C-A9C7-4E7B-8D6C-6AA3FE225614}.Debug|Any CPU.Build.0 = Debug|Any CPU
		{15F0AC3C-A9C7-4E7B-8D6C-6AA3FE225614}.Release|Any CPU.ActiveCfg = Release|Any CPU
		{15F0AC3C-A9C7-4E7B-8D6C-6AA3FE225614}.Release|Any CPU.Build.0 = Release|Any CPU
	EndGlobalSection
	GlobalSection(SolutionProperties) = preSolution
		HideSolutionNode = FALSE
	EndGlobalSection
	GlobalSection(ExtensibilityGlobals) = postSolution
		SolutionGuid = {EBAF10EA-C149-475F-8672-D6184AF221E3}
	EndGlobalSection
EndGlobal
